
Microsoft Visual Studio Solution File, Format Version 12.00
# Visual Studio Version 16
VisualStudioVersion = 16.0.31702.278
MinimumVisualStudioVersion = 10.0.40219.1
Project("{FAE04EC0-301F-11D3-BF4B-00C04F79EFBC}") = "CRUDByAlexanderMartinezForExpressoAmericano", "CRUDByAlexanderMartinezForExpressoAmericano\CRUDByAlexanderMartinezForExpressoAmericano.csproj", "{58283AB1-A21B-40FA-BD8B-A2365A81BF47}"
EndProject
Global
	GlobalSection(SolutionConfigurationPlatforms) = preSolution
		Debug|Any CPU = Debug|Any CPU
		Release|Any CPU = Release|Any CPU
	EndGlobalSection
	GlobalSection(ProjectConfigurationPlatforms) = postSolution
		{58283AB1-A21B-40FA-BD8B-A2365A81BF47}.Debug|Any CPU.ActiveCfg = Debug|Any CPU
		{58283AB1-A21B-40FA-BD8B-A2365A81BF47}.Debug|Any CPU.Build.0 = Debug|Any CPU
		{58283AB1-A21B-40FA-BD8B-A2365A81BF47}.Release|Any CPU.ActiveCfg = Release|Any CPU
		{58283AB1-A21B-40FA-BD8B-A2365A81BF47}.Release|Any CPU.Build.0 = Release|Any CPU
	EndGlobalSection
	GlobalSection(SolutionProperties) = preSolution
		HideSolutionNode = FALSE
	EndGlobalSection
	GlobalSection(ExtensibilityGlobals) = postSolution
		SolutionGuid = {236758E6-FAB1-49AA-88A7-F1F199474D1C}
	EndGlobalSection
EndGlobal
